# This file is automatically @generated by Poetry 1.5.1 and should not be changed by hand.

[[package]]
name = "config"
version = "0.5.1"
description = "A hierarchical, easy-to-use, powerful configuration module for Python"
optional = false
python-versions = "*"
files = [
    {file = "config-0.5.1-py2.py3-none-any.whl", hash = "sha256:79ffa009ff2663cc8ca29e56bcec031c044609d4bafaa4f884132a413101ce84"},
    {file = "config-0.5.1.zip", hash = "sha256:2dd4a03aa383d30711d5a3325a1858de225328d61950a85be5b74c100f63016d"},
]

[[package]]
name = "utils"
version = "1.0.1"
description = "A grab-bag of utility functions and objects"
optional = false
python-versions = ">=3.6"
files = [
    {file = "utils-1.0.1-py2.py3-none-any.whl", hash = "sha256:ff04549b95deb2fd7a82ddaea077e2f41209079e2482df231c358770b27b72a7"},
]

[metadata]
lock-version = "2.0"
python-versions = "^3.9"
content-hash = "a1c595509600d67b8ca82daf67c7c890a86c0ba267f2a473876bbad7a1ec6311"
